<?xml version="1.0" encoding="utf-8"?>
<Project ToolsVersion="4.0" xmlns="http://schemas.microsoft.com/developer/msbuild/2003">
  <ItemGroup>
    <Filter Include="Source Files">
      <UniqueIdentifier>{4FC737F1-C7A5-4376-A066-2A32D752A2FF}</UniqueIdentifier>
      <Extensions>cpp;c;cc;cxx;c++;def;odl;idl;hpj;bat;asm;asmx</Extensions>
    </Filter>
    <Filter Include="Header Files">
      <UniqueIdentifier>{93995380-89BD-4b04-88EB-625FBE52EBFB}</UniqueIdentifier>
      <Extensions>h;hh;hpp;hxx;h++;hm;inl;inc;ipp;xsd</Extensions>
    </Filter>
    <Filter Include="Resource Files">
      <UniqueIdentifier>{67DA6AB6-F800-4c08-8B7A-83BB121AAD01}</UniqueIdentifier>
      <Extensions>rc;ico;cur;bmp;dlg;rc2;rct;bin;rgs;gif;jpg;jpeg;jpe;resx;tiff;tif;png;wav;mfcribbon-ms</Extensions>
    </Filter>
    <Filter Include="Header Files\cvk-util">
      <UniqueIdentifier>{4628c362-622e-4cdb-a424-ab8d34733077}</UniqueIdentifier>
    </Filter>
    <Filter Include="Source Files\cvk-util">
      <UniqueIdentifier>{c7fd75ed-d5d3-4d70-88f5-c1231ff8f3ae}</UniqueIdentifier>
    </Filter>
    <Filter Include="Header Files\cvk-render">
      <UniqueIdentifier>{ff0726d8-ee9f-4934-b876-7271b903c29a}</UniqueIdentifier>
    </Filter>
    <Filter Include="Source Files\cvk-render">
      <UniqueIdentifier>{2ce2e96d-6e2a-4729-b6ed-ffbe682073eb}</UniqueIdentifier>
    </Filter>
    <Filter Include="Header Files\cvk">
      <UniqueIdentifier>{24df2ebb-cc3f-40dd-9c70-3f32aea7fdd4}</UniqueIdentifier>
    </Filter>
  </ItemGroup>
  <ItemGroup>
    <ClInclude Include="..\..\..\include\cvk\cvk.h">
      <Filter>Header Files</Filter>
    </ClInclude>
    <ClInclude Include="..\..\..\include\cvk\cvk-util\cvkConsole.h">
      <Filter>Header Files\cvk-util</Filter>
    </ClInclude>
    <ClInclude Include="..\..\..\include\cvk\cvk-render\cvkRenderer.h">
      <Filter>Header Files\cvk-render</Filter>
    </ClInclude>
    <ClInclude Include="..\..\..\include\cvk\cvk\cvk-types.h">
      <Filter>Header Files\cvk</Filter>
    </ClInclude>
  </ItemGroup>
  <ItemGroup>
    <ClCompile Include="..\..\..\source\cvk\cvk.c">
      <Filter>Source Files</Filter>
    </ClCompile>
    <ClCompile Include="..\..\..\source\cvk\cvk-util\cvkConsole.c">
      <Filter>Source Files\cvk-util</Filter>
    </ClCompile>
    <ClCompile Include="..\..\..\source\cvk\cvk-render\cvkRenderer.c">
      <Filter>Source Files\cvk-render</Filter>
    </ClCompile>
  </ItemGroup>
</Project>