
Microsoft Visual Studio Solution File, Format Version 12.00
# Visual Studio Version 16
VisualStudioVersion = 16.0.30804.86
MinimumVisualStudioVersion = 10.0.40219.1
Project("{8BC9CEB8-8B4A-11D0-8D11-00A0C91BC942}") = "cvkTest", "project\VisualStudio\cvkTest\cvkTest.vcxproj", "{782224CC-F329-4345-8A6C-E1DED99509E1}"
	ProjectSection(ProjectDependencies) = postProject
		{027A4351-9B67-4BD3-B013-C8FE2C238655} = {027A4351-9B67-4BD3-B013-C8FE2C238655}
	EndProjectSection
EndProject
Project("{8BC9CEB8-8B4A-11D0-8D11-00A0C91BC942}") = "cvk", "project\VisualStudio\cvk\cvk.vcxproj", "{027A4351-9B67-4BD3-B013-C8FE2C238655}"
EndProject
Global
	GlobalSection(SolutionConfigurationPlatforms) = preSolution
		Debug|x64 = Debug|x64
		Debug|x86 = Debug|x86
		Release|x64 = Release|x64
		Release|x86 = Release|x86
	EndGlobalSection
	GlobalSection(ProjectConfigurationPlatforms) = postSolution
		{782224CC-F329-4345-8A6C-E1DED99509E1}.Debug|x64.ActiveCfg = Debug|x64
		{782224CC-F329-4345-8A6C-E1DED99509E1}.Debug|x64.Build.0 = Debug|x64
		{782224CC-F329-4345-8A6C-E1DED99509E1}.Debug|x86.ActiveCfg = Debug|Win32
		{782224CC-F329-4345-8A6C-E1DED99509E1}.Debug|x86.Build.0 = Debug|Win32
		{782224CC-F329-4345-8A6C-E1DED99509E1}.Release|x64.ActiveCfg = Release|x64
		{782224CC-F329-4345-8A6C-E1DED99509E1}.Release|x64.Build.0 = Release|x64
		{782224CC-F329-4345-8A6C-E1DED99509E1}.Release|x86.ActiveCfg = Release|Win32
		{782224CC-F329-4345-8A6C-E1DED99509E1}.Release|x86.Build.0 = Release|Win32
		{027A4351-9B67-4BD3-B013-C8FE2C238655}.Debug|x64.ActiveCfg = Debug|x64
		{027A4351-9B67-4BD3-B013-C8FE2C238655}.Debug|x64.Build.0 = Debug|x64
		{027A4351-9B67-4BD3-B013-C8FE2C238655}.Debug|x86.ActiveCfg = Debug|Win32
		{027A4351-9B67-4BD3-B013-C8FE2C238655}.Debug|x86.Build.0 = Debug|Win32
		{027A4351-9B67-4BD3-B013-C8FE2C238655}.Release|x64.ActiveCfg = Release|x64
		{027A4351-9B67-4BD3-B013-C8FE2C238655}.Release|x64.Build.0 = Release|x64
		{027A4351-9B67-4BD3-B013-C8FE2C238655}.Release|x86.ActiveCfg = Release|Win32
		{027A4351-9B67-4BD3-B013-C8FE2C238655}.Release|x86.Build.0 = Release|Win32
	EndGlobalSection
	GlobalSection(SolutionProperties) = preSolution
		HideSolutionNode = FALSE
	EndGlobalSection
	GlobalSection(ExtensibilityGlobals) = postSolution
		SolutionGuid = {DA273972-10A5-4FB8-B048-0AFBBC432966}
	EndGlobalSection
EndGlobal
